
Microsoft Visual Studio Solution File, Format Version 12.00
# Visual Studio Version 16
VisualStudioVersion = 16.0.31729.503
MinimumVisualStudioVersion = 10.0.40219.1
Project("{FAE04EC0-301F-11D3-BF4B-00C04F79EFBC}") = "DemoDotNetCore", "DemoDotNetCore\DemoDotNetCore.csproj", "{83945DF9-FF0B-438E-B24E-BC097A8A0547}"
EndProject
Project("{FAE04EC0-301F-11D3-BF4B-00C04F79EFBC}") = "DemoDotNetCore.Domain", "DemoDotNetCore.Domain\DemoDotNetCore.Domain.csproj", "{1959D652-56FE-4E05-95BC-F0062E80BC0B}"
EndProject
Project("{FAE04EC0-301F-11D3-BF4B-00C04F79EFBC}") = "DemoDotNetCore.Infrastructor", "DemoDotNetCore.Infrastructor\DemoDotNetCore.Infrastructor.csproj", "{81473D1B-4925-40C1-AA72-E58238F8B118}"
EndProject
Global
	GlobalSection(SolutionConfigurationPlatforms) = preSolution
		Debug|Any CPU = Debug|Any CPU
		Release|Any CPU = Release|Any CPU
	EndGlobalSection
	GlobalSection(ProjectConfigurationPlatforms) = postSolution
		{83945DF9-FF0B-438E-B24E-BC097A8A0547}.Debug|Any CPU.ActiveCfg = Debug|Any CPU
		{83945DF9-FF0B-438E-B24E-BC097A8A0547}.Debug|Any CPU.Build.0 = Debug|Any CPU
		{83945DF9-FF0B-438E-B24E-BC097A8A0547}.Release|Any CPU.ActiveCfg = Release|Any CPU
		{83945DF9-FF0B-438E-B24E-BC097A8A0547}.Release|Any CPU.Build.0 = Release|Any CPU
		{1959D652-56FE-4E05-95BC-F0062E80BC0B}.Debug|Any CPU.ActiveCfg = Debug|Any CPU
		{1959D652-56FE-4E05-95BC-F0062E80BC0B}.Debug|Any CPU.Build.0 = Debug|Any CPU
		{1959D652-56FE-4E05-95BC-F0062E80BC0B}.Release|Any CPU.ActiveCfg = Release|Any CPU
		{1959D652-56FE-4E05-95BC-F0062E80BC0B}.Release|Any CPU.Build.0 = Release|Any CPU
		{81473D1B-4925-40C1-AA72-E58238F8B118}.Debug|Any CPU.ActiveCfg = Debug|Any CPU
		{81473D1B-4925-40C1-AA72-E58238F8B118}.Debug|Any CPU.Build.0 = Debug|Any CPU
		{81473D1B-4925-40C1-AA72-E58238F8B118}.Release|Any CPU.ActiveCfg = Release|Any CPU
		{81473D1B-4925-40C1-AA72-E58238F8B118}.Release|Any CPU.Build.0 = Release|Any CPU
	EndGlobalSection
	GlobalSection(SolutionProperties) = preSolution
		HideSolutionNode = FALSE
	EndGlobalSection
	GlobalSection(ExtensibilityGlobals) = postSolution
		SolutionGuid = {675E532A-9775-4638-A4A1-E564D223C73B}
	EndGlobalSection
EndGlobal
